
Microsoft Visual Studio Solution File, Format Version 12.00
# Visual Studio Version 17
VisualStudioVersion = 17.12.35527.113 d17.12
MinimumVisualStudioVersion = 10.0.40219.1
Project("{FAE04EC0-301F-11D3-BF4B-00C04F79EFBC}") = "main", "main.csproj", "{67EA11BB-E878-4492-BB20-A22108B0118B}"
EndProject
Project("{FAE04EC0-301F-11D3-BF4B-00C04F79EFBC}") = "LogParserDLL", "LogParserDLL\LogParserDLL.csproj", "{8A9C2D1E-F234-4B5C-A123-456789ABCDEF}"
EndProject
Global
	GlobalSection(SolutionConfigurationPlatforms) = preSolution
		Debug|Any CPU = Debug|Any CPU
		Release|Any CPU = Release|Any CPU
	EndGlobalSection
	GlobalSection(ProjectConfigurationPlatforms) = postSolution
		{67EA11BB-E878-4492-BB20-A22108B0118B}.Debug|Any CPU.ActiveCfg = Debug|Any CPU
		{67EA11BB-E878-4492-BB20-A22108B0118B}.Debug|Any CPU.Build.0 = Debug|Any CPU
		{67EA11BB-E878-4492-BB20-A22108B0118B}.Release|Any CPU.ActiveCfg = Release|Any CPU
		{67EA11BB-E878-4492-BB20-A22108B0118B}.Release|Any CPU.Build.0 = Release|Any CPU
		{8A9C2D1E-F234-4B5C-A123-456789ABCDEF}.Debug|Any CPU.ActiveCfg = Debug|Any CPU
		{8A9C2D1E-F234-4B5C-A123-456789ABCDEF}.Debug|Any CPU.Build.0 = Debug|Any CPU
		{8A9C2D1E-F234-4B5C-A123-456789ABCDEF}.Release|Any CPU.ActiveCfg = Release|Any CPU
		{8A9C2D1E-F234-4B5C-A123-456789ABCDEF}.Release|Any CPU.Build.0 = Release|Any CPU
	EndGlobalSection
	GlobalSection(SolutionProperties) = preSolution
		HideSolutionNode = FALSE
	EndGlobalSection
	GlobalSection(ProjectDependencies) = postSolution
		{67EA11BB-E878-4492-BB20-A22108B0118B}.0 = {8A9C2D1E-F234-4B5C-A123-456789ABCDEF}
	EndGlobalSection
EndGlobal
